
Microsoft Visual Studio Solution File, Format Version 11.00
# Visual Studio 2010
Project("{FAE04EC0-301F-11D3-BF4B-00C04F79EFBC}") = "Assembly-CSharp-Editor", "Assembly-CSharp-Editor.csproj", "{5ad2a0be-d9b0-7300-2eee-6b7ea674c07a}"
EndProject
Project("{FAE04EC0-301F-11D3-BF4B-00C04F79EFBC}") = "Assembly-CSharp", "Assembly-CSharp.csproj", "{c4666c6c-bfbb-5675-a4a1-32f784f81952}"
EndProject
Global
	GlobalSection(SolutionConfigurationPlatforms) = preSolution
		Debug|Any CPU = Debug|Any CPU
	EndGlobalSection
	GlobalSection(ProjectConfigurationPlatforms) = postSolution
		{5ad2a0be-d9b0-7300-2eee-6b7ea674c07a}.Debug|Any CPU.ActiveCfg = Debug|Any CPU
		{5ad2a0be-d9b0-7300-2eee-6b7ea674c07a}.Debug|Any CPU.Build.0 = Debug|Any CPU
		{c4666c6c-bfbb-5675-a4a1-32f784f81952}.Debug|Any CPU.ActiveCfg = Debug|Any CPU
		{c4666c6c-bfbb-5675-a4a1-32f784f81952}.Debug|Any CPU.Build.0 = Debug|Any CPU
	EndGlobalSection
	GlobalSection(SolutionProperties) = preSolution
		HideSolutionNode = FALSE
	EndGlobalSection
EndGlobal
