
Microsoft Visual Studio Solution File, Format Version 11.00
# Visual Studio 2010
Project("{FAE04EC0-301F-11D3-BF4B-00C04F79EFBC}") = "Assembly-CSharp-Editor", "Assembly-CSharp-Editor.csproj", "{651c95d7-93bd-9ad8-5a62-fc9f151d4e94}"
EndProject
Project("{FAE04EC0-301F-11D3-BF4B-00C04F79EFBC}") = "Assembly-CSharp", "Assembly-CSharp.csproj", "{a6ac1eb3-fc63-6f91-47d2-8ccb77e6f0b8}"
EndProject
Global
	GlobalSection(SolutionConfigurationPlatforms) = preSolution
		Debug|Any CPU = Debug|Any CPU
	EndGlobalSection
	GlobalSection(ProjectConfigurationPlatforms) = postSolution
		{651c95d7-93bd-9ad8-5a62-fc9f151d4e94}.Debug|Any CPU.ActiveCfg = Debug|Any CPU
		{651c95d7-93bd-9ad8-5a62-fc9f151d4e94}.Debug|Any CPU.Build.0 = Debug|Any CPU
		{a6ac1eb3-fc63-6f91-47d2-8ccb77e6f0b8}.Debug|Any CPU.ActiveCfg = Debug|Any CPU
		{a6ac1eb3-fc63-6f91-47d2-8ccb77e6f0b8}.Debug|Any CPU.Build.0 = Debug|Any CPU
	EndGlobalSection
	GlobalSection(SolutionProperties) = preSolution
		HideSolutionNode = FALSE
	EndGlobalSection
EndGlobal
